
Microsoft Visual Studio Solution File, Format Version 12.00
Project("{FAE04EC0-301F-11D3-BF4B-00C04F79EFBC}") = "FathersComfort", "FathersComfort.csproj", "{D98DE3D9-175A-4BEB-A163-69B0D47B0D49}"
EndProject
Global
	GlobalSection(SolutionConfigurationPlatforms) = preSolution
		Debug|Any CPU = Debug|Any CPU
		Release|Any CPU = Release|Any CPU
	EndGlobalSection
	GlobalSection(ProjectConfigurationPlatforms) = postSolution
		{D98DE3D9-175A-4BEB-A163-69B0D47B0D49}.Debug|Any CPU.ActiveCfg = Debug|Any CPU
		{D98DE3D9-175A-4BEB-A163-69B0D47B0D49}.Debug|Any CPU.Build.0 = Debug|Any CPU
		{D98DE3D9-175A-4BEB-A163-69B0D47B0D49}.Release|Any CPU.ActiveCfg = Release|Any CPU
		{D98DE3D9-175A-4BEB-A163-69B0D47B0D49}.Release|Any CPU.Build.0 = Release|Any CPU
		{868B7152-E09C-4204-8267-5709CB28B09E}.Debug|Any CPU.ActiveCfg = Debug|Any CPU
		{868B7152-E09C-4204-8267-5709CB28B09E}.Debug|Any CPU.Build.0 = Debug|Any CPU
		{868B7152-E09C-4204-8267-5709CB28B09E}.Release|Any CPU.ActiveCfg = Release|Any CPU
		{868B7152-E09C-4204-8267-5709CB28B09E}.Release|Any CPU.Build.0 = Release|Any CPU
	EndGlobalSection
EndGlobal
